
Microsoft Visual Studio Solution File, Format Version 12.00
# Visual Studio Version 17
VisualStudioVersion = 17.4.33110.190
MinimumVisualStudioVersion = 10.0.40219.1
Project("{F184B08F-C81C-45F6-A57F-5ABD9991F28F}") = "Calculator", "Calculator\Calculator.vbproj", "{700C3757-A078-45E1-9316-863586FB2433}"
EndProject
Project("{2150E333-8FDC-42A3-9474-1A3956D46DE8}") = "Solution Items", "Solution Items", "{1967BC0C-BED7-4D23-B0DA-6708936DD6A0}"
EndProject
Global
	GlobalSection(SolutionConfigurationPlatforms) = preSolution
		Debug|Any CPU = Debug|Any CPU
		Release|Any CPU = Release|Any CPU
	EndGlobalSection
	GlobalSection(ProjectConfigurationPlatforms) = postSolution
		{700C3757-A078-45E1-9316-863586FB2433}.Debug|Any CPU.ActiveCfg = Debug|Any CPU
		{700C3757-A078-45E1-9316-863586FB2433}.Debug|Any CPU.Build.0 = Debug|Any CPU
		{700C3757-A078-45E1-9316-863586FB2433}.Release|Any CPU.ActiveCfg = Release|Any CPU
		{700C3757-A078-45E1-9316-863586FB2433}.Release|Any CPU.Build.0 = Release|Any CPU
	EndGlobalSection
	GlobalSection(SolutionProperties) = preSolution
		HideSolutionNode = FALSE
	EndGlobalSection
	GlobalSection(ExtensibilityGlobals) = postSolution
		SolutionGuid = {2557ED3E-A1DE-43DF-A34B-3E2D5A603A85}
	EndGlobalSection
EndGlobal
